// !$*UTF8*$!
{
	archiveVersion = 1;
	classes = {
	};
	objectVersion = 46;
	objects = {

/* Begin PBXBuildFile section */
		E363786A1DAD3B5D00559412 /* VTBeerData.swift in Sources */ = {isa = PBXBuildFile; fileRef = E36378691DAD3B5D00559412 /* VTBeerData.swift */; };
		E363786C1DAD497700559412 /* BeerDetailsVC.swift in Sources */ = {isa = PBXBuildFile; fileRef = E363786B1DAD497700559412 /* BeerDetailsVC.swift */; };
		E3BD93241DABF7AA005C394C /* AppDelegate.swift in Sources */ = {isa = PBXBuildFile; fileRef = E3BD93231DABF7AA005C394C /* AppDelegate.swift */; };
		E3BD93261DABF7AA005C394C /* MainScreenVC.swift in Sources */ = {isa = PBXBuildFile; fileRef = E3BD93251DABF7AA005C394C /* MainScreenVC.swift */; };
		E3BD93291DABF7AA005C394C /* Main.storyboard in Resources */ = {isa = PBXBuildFile; fileRef = E3BD93271DABF7AA005C394C /* Main.storyboard */; };
		E3BD932B1DABF7AA005C394C /* Assets.xcassets in Resources */ = {isa = PBXBuildFile; fileRef = E3BD932A1DABF7AA005C394C /* Assets.xcassets */; };
		E3BD932E1DABF7AA005C394C /* LaunchScreen.storyboard in Resources */ = {isa = PBXBuildFile; fileRef = E3BD932C1DABF7AA005C394C /* LaunchScreen.storyboard */; };
		E3BD93361DABF7F1005C394C /* F...VERMONT.ttf in Resources */ = {isa = PBXBuildFile; fileRef = E3BD93351DABF7F1005C394C /* F...VERMONT.ttf */; };
		E3BD93381DABFC8A005C394C /* BeerCellVCTableViewCell.swift in Sources */ = {isa = PBXBuildFile; fileRef = E3BD93371DABFC8A005C394C /* BeerCellVCTableViewCell.swift */; };
/* End PBXBuildFile section */

/* Begin PBXFileReference section */
		E36378691DAD3B5D00559412 /* VTBeerData.swift */ = {isa = PBXFileReference; fileEncoding = 4; lastKnownFileType = sourcecode.swift; path = VTBeerData.swift; sourceTree = "<group>"; };
		E363786B1DAD497700559412 /* BeerDetailsVC.swift */ = {isa = PBXFileReference; fileEncoding = 4; lastKnownFileType = sourcecode.swift; path = BeerDetailsVC.swift; sourceTree = "<group>"; };
		E3BD93201DABF7AA005C394C /* VTBeerGuide.app */ = {isa = PBXFileReference; explicitFileType = wrapper.application; includeInIndex = 0; path = VTBeerGuide.app; sourceTree = BUILT_PRODUCTS_DIR; };
		E3BD93231DABF7AA005C394C /* AppDelegate.swift */ = {isa = PBXFileReference; lastKnownFileType = sourcecode.swift; path = AppDelegate.swift; sourceTree = "<group>"; };
		E3BD93251DABF7AA005C394C /* MainScreenVC.swift */ = {isa = PBXFileReference; lastKnownFileType = sourcecode.swift; path = MainScreenVC.swift; sourceTree = "<group>"; };
		E3BD93281DABF7AA005C394C /* Base */ = {isa = PBXFileReference; lastKnownFileType = file.storyboard; name = Base; path = Base.lproj/Main.storyboard; sourceTree = "<group>"; };
		E3BD932A1DABF7AA005C394C /* Assets.xcassets */ = {isa = PBXFileReference; lastKnownFileType = folder.assetcatalog; path = Assets.xcassets; sourceTree = "<group>"; };
		E3BD932D1DABF7AA005C394C /* Base */ = {isa = PBXFileReference; lastKnownFileType = file.storyboard; name = Base; path = Base.lproj/LaunchScreen.storyboard; sourceTree = "<group>"; };
		E3BD932F1DABF7AA005C394C /* Info.plist */ = {isa = PBXFileReference; lastKnownFileType = text.plist.xml; path = Info.plist; sourceTree = "<group>"; };
		E3BD93351DABF7F1005C394C /* F...VERMONT.ttf */ = {isa = PBXFileReference; lastKnownFileType = file; name = F...VERMONT.ttf; path = "../../../Dropbox/Dev Resources/VBG/f_vermont/F...VERMONT.ttf"; sourceTree = "<group>"; };
		E3BD93371DABFC8A005C394C /* BeerCellVCTableViewCell.swift */ = {isa = PBXFileReference; fileEncoding = 4; lastKnownFileType = sourcecode.swift; path = BeerCellVCTableViewCell.swift; sourceTree = "<group>"; };
/* End PBXFileReference section */

/* Begin PBXFrameworksBuildPhase section */
		E3BD931D1DABF7AA005C394C /* Frameworks */ = {
			isa = PBXFrameworksBuildPhase;
			buildActionMask = 2147483647;
			files = (
			);
			runOnlyForDeploymentPostprocessing = 0;
		};
/* End PBXFrameworksBuildPhase section */

/* Begin PBXGroup section */
		E363786D1DADBE7F00559412 /* Assets */ = {
			isa = PBXGroup;
			children = (
				E3BD932A1DABF7AA005C394C /* Assets.xcassets */,
				E3BD93351DABF7F1005C394C /* F...VERMONT.ttf */,
			);
			name = Assets;
			sourceTree = "<group>";
		};
		E363786E1DADBEA100559412 /* Model */ = {
			isa = PBXGroup;
			children = (
				E36378691DAD3B5D00559412 /* VTBeerData.swift */,
			);
			name = Model;
			sourceTree = "<group>";
		};
		E363786F1DADBEB000559412 /* View */ = {
			isa = PBXGroup;
			children = (
				E3BD93371DABFC8A005C394C /* BeerCellVCTableViewCell.swift */,
			);
			name = View;
			sourceTree = "<group>";
		};
		E36378701DADBECA00559412 /* Controller */ = {
			isa = PBXGroup;
			children = (
				E3BD93251DABF7AA005C394C /* MainScreenVC.swift */,
				E363786B1DAD497700559412 /* BeerDetailsVC.swift */,
			);
			name = Controller;
			sourceTree = "<group>";
		};
		E3BD93171DABF7AA005C394C = {
			isa = PBXGroup;
			children = (
				E3BD93221DABF7AA005C394C /* VTBeerGuide */,
				E3BD93211DABF7AA005C394C /* Products */,
			);
			sourceTree = "<group>";
		};
		E3BD93211DABF7AA005C394C /* Products */ = {
			isa = PBXGroup;
			children = (
				E3BD93201DABF7AA005C394C /* VTBeerGuide.app */,
			);
			name = Products;
			sourceTree = "<group>";
		};
		E3BD93221DABF7AA005C394C /* VTBeerGuide */ = {
			isa = PBXGroup;
			children = (
				E363786E1DADBEA100559412 /* Model */,
				E363786F1DADBEB000559412 /* View */,
				E36378701DADBECA00559412 /* Controller */,
				E363786D1DADBE7F00559412 /* Assets */,
				E3BD93271DABF7AA005C394C /* Main.storyboard */,
				E3BD932F1DABF7AA005C394C /* Info.plist */,
				E3BD932C1DABF7AA005C394C /* LaunchScreen.storyboard */,
				E3BD93231DABF7AA005C394C /* AppDelegate.swift */,
			);
			path = VTBeerGuide;
			sourceTree = "<group>";
		};
/* End PBXGroup section */

/* Begin PBXNativeTarget section */
		E3BD931F1DABF7AA005C394C /* VTBeerGuide */ = {
			isa = PBXNativeTarget;
			buildConfigurationList = E3BD93321DABF7AA005C394C /* Build configuration list for PBXNativeTarget "VTBeerGuide" */;
			buildPhases = (
				E3BD931C1DABF7AA005C394C /* Sources */,
				E3BD931D1DABF7AA005C394C /* Frameworks */,
				E3BD931E1DABF7AA005C394C /* Resources */,
			);
			buildRules = (
			);
			dependencies = (
			);
			name = VTBeerGuide;
			productName = VTBeerGuide;
			productReference = E3BD93201DABF7AA005C394C /* VTBeerGuide.app */;
			productType = "com.apple.product-type.application";
		};
/* End PBXNativeTarget section */

/* Begin PBXProject section */
		E3BD93181DABF7AA005C394C /* Project object */ = {
			isa = PBXProject;
			attributes = {
				LastSwiftUpdateCheck = 0800;
				LastUpgradeCheck = 0800;
				ORGANIZATIONNAME = "Sabens, Michael G.";
				TargetAttributes = {
					E3BD931F1DABF7AA005C394C = {
						CreatedOnToolsVersion = 8.0;
						ProvisioningStyle = Automatic;
					};
				};
			};
			buildConfigurationList = E3BD931B1DABF7AA005C394C /* Build configuration list for PBXProject "VTBeerGuide" */;
			compatibilityVersion = "Xcode 3.2";
			developmentRegion = English;
			hasScannedForEncodings = 0;
			knownRegions = (
				en,
				Base,
			);
			mainGroup = E3BD93171DABF7AA005C394C;
			productRefGroup = E3BD93211DABF7AA005C394C /* Products */;
			projectDirPath = "";
			projectRoot = "";
			targets = (
				E3BD931F1DABF7AA005C394C /* VTBeerGuide */,
			);
		};
/* End PBXProject section */

/* Begin PBXResourcesBuildPhase section */
		E3BD931E1DABF7AA005C394C /* Resources */ = {
			isa = PBXResourcesBuildPhase;
			buildActionMask = 2147483647;
			files = (
				E3BD932E1DABF7AA005C394C /* LaunchScreen.storyboard in Resources */,
				E3BD932B1DABF7AA005C394C /* Assets.xcassets in Resources */,
				E3BD93361DABF7F1005C394C /* F...VERMONT.ttf in Resources */,
				E3BD93291DABF7AA005C394C /* Main.storyboard in Resources */,
			);
			runOnlyForDeploymentPostprocessing = 0;
		};
/* End PBXResourcesBuildPhase section */

/* Begin PBXSourcesBuildPhase section */
		E3BD931C1DABF7AA005C394C /* Sources */ = {
			isa = PBXSourcesBuildPhase;
			buildActionMask = 2147483647;
			files = (
				E3BD93381DABFC8A005C394C /* BeerCellVCTableViewCell.swift in Sources */,
				E363786A1DAD3B5D00559412 /* VTBeerData.swift in Sources */,
				E3BD93261DABF7AA005C394C /* MainScreenVC.swift in Sources */,
				E363786C1DAD497700559412 /* BeerDetailsVC.swift in Sources */,
				E3BD93241DABF7AA005C394C /* AppDelegate.swift in Sources */,
			);
			runOnlyForDeploymentPostprocessing = 0;
		};
/* End PBXSourcesBuildPhase section */

/* Begin PBXVariantGroup section */
		E3BD93271DABF7AA005C394C /* Main.storyboard */ = {
			isa = PBXVariantGroup;
			children = (
				E3BD93281DABF7AA005C394C /* Base */,
			);
			name = Main.storyboard;
			sourceTree = "<group>";
		};
		E3BD932C1DABF7AA005C394C /* LaunchScreen.storyboard */ = {
			isa = PBXVariantGroup;
			children = (
				E3BD932D1DABF7AA005C394C /* Base */,
			);
			name = LaunchScreen.storyboard;
			sourceTree = "<group>";
		};
/* End PBXVariantGroup section */

/* Begin XCBuildConfiguration section */
		E3BD93301DABF7AA005C394C /* Debug */ = {
			isa = XCBuildConfiguration;
			buildSettings = {
				ALWAYS_SEARCH_USER_PATHS = NO;
				CLANG_ANALYZER_NONNULL = YES;
				CLANG_CXX_LANGUAGE_STANDARD = "gnu++0x";
				CLANG_CXX_LIBRARY = "libc++";
				CLANG_ENABLE_MODULES = YES;
				CLANG_ENABLE_OBJC_ARC = YES;
				CLANG_WARN_BOOL_CONVERSION = YES;
				CLANG_WARN_CONSTANT_CONVERSION = YES;
				CLANG_WARN_DIRECT_OBJC_ISA_USAGE = YES_ERROR;
				CLANG_WARN_DOCUMENTATION_COMMENTS = YES;
				CLANG_WARN_EMPTY_BODY = YES;
				CLANG_WARN_ENUM_CONVERSION = YES;
				CLANG_WARN_INFINITE_RECURSION = YES;
				CLANG_WARN_INT_CONVERSION = YES;
				CLANG_WARN_OBJC_ROOT_CLASS = YES_ERROR;
				CLANG_WARN_SUSPICIOUS_MOVES = YES;
				CLANG_WARN_UNREACHABLE_CODE = YES;
				CLANG_WARN__DUPLICATE_METHOD_MATCH = YES;
				"CODE_SIGN_IDENTITY[sdk=iphoneos*]" = "iPhone Developer";
				COPY_PHASE_STRIP = NO;
				DEBUG_INFORMATION_FORMAT = dwarf;
				ENABLE_STRICT_OBJC_MSGSEND = YES;
				ENABLE_TESTABILITY = YES;
				GCC_C_LANGUAGE_STANDARD = gnu99;
				GCC_DYNAMIC_NO_PIC = NO;
				GCC_NO_COMMON_BLOCKS = YES;
				GCC_OPTIMIZATION_LEVEL = 0;
				GCC_PREPROCESSOR_DEFINITIONS = (
					"DEBUG=1",
					"$(inherited)",
				);
				GCC_WARN_64_TO_32_BIT_CONVERSION = YES;
				GCC_WARN_ABOUT_RETURN_TYPE = YES_ERROR;
				GCC_WARN_UNDECLARED_SELECTOR = YES;
				GCC_WARN_UNINITIALIZED_AUTOS = YES_AGGRESSIVE;
				GCC_WARN_UNUSED_FUNCTION = YES;
				GCC_WARN_UNUSED_VARIABLE = YES;
				IPHONEOS_DEPLOYMENT_TARGET = 10.0;
				MTL_ENABLE_DEBUG_INFO = YES;
				ONLY_ACTIVE_ARCH = YES;
				SDKROOT = iphoneos;
				SWIFT_ACTIVE_COMPILATION_CONDITIONS = DEBUG;
				SWIFT_OPTIMIZATION_LEVEL = "-Onone";
				TARGETED_DEVICE_FAMILY = "1,2";
			};
			name = Debug;
		};
		E3BD93311DABF7AA005C394C /* Release */ = {
			isa = XCBuildConfiguration;
			buildSettings = {
				ALWAYS_SEARCH_USER_PATHS = NO;
				CLANG_ANALYZER_NONNULL = YES;
				CLANG_CXX_LANGUAGE_STANDARD = "gnu++0x";
				CLANG_CXX_LIBRARY = "libc++";
				CLANG_ENABLE_MODULES = YES;
				CLANG_ENABLE_OBJC_ARC = YES;
				CLANG_WARN_BOOL_CONVERSION = YES;
				CLANG_WARN_CONSTANT_CONVERSION = YES;
				CLANG_WARN_DIRECT_OBJC_ISA_USAGE = YES_ERROR;
				CLANG_WARN_DOCUMENTATION_COMMENTS = YES;
				CLANG_WARN_EMPTY_BODY = YES;
				CLANG_WARN_ENUM_CONVERSION = YES;
				CLANG_WARN_INFINITE_RECURSION = YES;
				CLANG_WARN_INT_CONVERSION = YES;
				CLANG_WARN_OBJC_ROOT_CLASS = YES_ERROR;
				CLANG_WARN_SUSPICIOUS_MOVES = YES;
				CLANG_WARN_UNREACHABLE_CODE = YES;
				CLANG_WARN__DUPLICATE_METHOD_MATCH = YES;
				"CODE_SIGN_IDENTITY[sdk=iphoneos*]" = "iPhone Developer";
				COPY_PHASE_STRIP = NO;
				DEBUG_INFORMATION_FORMAT = "dwarf-with-dsym";
				ENABLE_NS_ASSERTIONS = NO;
				ENABLE_STRICT_OBJC_MSGSEND = YES;
				GCC_C_LANGUAGE_STANDARD = gnu99;
				GCC_NO_COMMON_BLOCKS = YES;
				GCC_WARN_64_TO_32_BIT_CONVERSION = YES;
				GCC_WARN_ABOUT_RETURN_TYPE = YES_ERROR;
				GCC_WARN_UNDECLARED_SELECTOR = YES;
				GCC_WARN_UNINITIALIZED_AUTOS = YES_AGGRESSIVE;
				GCC_WARN_UNUSED_FUNCTION = YES;
				GCC_WARN_UNUSED_VARIABLE = YES;
				IPHONEOS_DEPLOYMENT_TARGET = 10.0;
				MTL_ENABLE_DEBUG_INFO = NO;
				SDKROOT = iphoneos;
				SWIFT_OPTIMIZATION_LEVEL = "-Owholemodule";
				TARGETED_DEVICE_FAMILY = "1,2";
				VALIDATE_PRODUCT = YES;
			};
			name = Release;
		};
		E3BD93331DABF7AA005C394C /* Debug */ = {
			isa = XCBuildConfiguration;
			buildSettings = {
				ASSETCATALOG_COMPILER_APPICON_NAME = AppIcon;
				INFOPLIST_FILE = VTBeerGuide/Info.plist;
				LD_RUNPATH_SEARCH_PATHS = "$(inherited) @executable_path/Frameworks";
				PRODUCT_BUNDLE_IDENTIFIER = com.mikesabens.VTBeerGuide;
				PRODUCT_NAME = "$(TARGET_NAME)";
				SWIFT_VERSION = 3.0;
			};
			name = Debug;
		};
		E3BD93341DABF7AA005C394C /* Release */ = {
			isa = XCBuildConfiguration;
			buildSettings = {
				ASSETCATALOG_COMPILER_APPICON_NAME = AppIcon;
				INFOPLIST_FILE = VTBeerGuide/Info.plist;
				LD_RUNPATH_SEARCH_PATHS = "$(inherited) @executable_path/Frameworks";
				PRODUCT_BUNDLE_IDENTIFIER = com.mikesabens.VTBeerGuide;
				PRODUCT_NAME = "$(TARGET_NAME)";
				SWIFT_VERSION = 3.0;
			};
			name = Release;
		};
/* End XCBuildConfiguration section */

/* Begin XCConfigurationList section */
		E3BD931B1DABF7AA005C394C /* Build configuration list for PBXProject "VTBeerGuide" */ = {
			isa = XCConfigurationList;
			buildConfigurations = (
				E3BD93301DABF7AA005C394C /* Debug */,
				E3BD93311DABF7AA005C394C /* Release */,
			);
			defaultConfigurationIsVisible = 0;
			defaultConfigurationName = Release;
		};
		E3BD93321DABF7AA005C394C /* Build configuration list for PBXNativeTarget "VTBeerGuide" */ = {
			isa = XCConfigurationList;
			buildConfigurations = (
				E3BD93331DABF7AA005C394C /* Debug */,
				E3BD93341DABF7AA005C394C /* Release */,
			);
			defaultConfigurationIsVisible = 0;
			defaultConfigurationName = Release;
		};
/* End XCConfigurationList section */
	};
	rootObject = E3BD93181DABF7AA005C394C /* Project object */;
}
